
Microsoft Visual Studio Solution File, Format Version 12.00
# Visual Studio Version 17
VisualStudioVersion = 17.8.34525.116
MinimumVisualStudioVersion = 10.0.40219.1
Project("{FAE04EC0-301F-11D3-BF4B-00C04F79EFBC}") = "progpoe", "progpoe\progpoe.csproj", "{635A25C5-9BD6-42BE-BB62-3E4F33404CD6}"
EndProject
Global
	GlobalSection(SolutionConfigurationPlatforms) = preSolution
		Debug|Any CPU = Debug|Any CPU
		Release|Any CPU = Release|Any CPU
	EndGlobalSection
	GlobalSection(ProjectConfigurationPlatforms) = postSolution
		{635A25C5-9BD6-42BE-BB62-3E4F33404CD6}.Debug|Any CPU.ActiveCfg = Debug|Any CPU
		{635A25C5-9BD6-42BE-BB62-3E4F33404CD6}.Debug|Any CPU.Build.0 = Debug|Any CPU
		{635A25C5-9BD6-42BE-BB62-3E4F33404CD6}.Release|Any CPU.ActiveCfg = Release|Any CPU
		{635A25C5-9BD6-42BE-BB62-3E4F33404CD6}.Release|Any CPU.Build.0 = Release|Any CPU
	EndGlobalSection
	GlobalSection(SolutionProperties) = preSolution
		HideSolutionNode = FALSE
	EndGlobalSection
	GlobalSection(ExtensibilityGlobals) = postSolution
		SolutionGuid = {C4302502-C7C5-4995-B48A-7EC3FB0720F3}
	EndGlobalSection
EndGlobal
